
Microsoft Visual Studio Solution File, Format Version 12.00
# Visual Studio 15
VisualStudioVersion = 15.0.28307.106
MinimumVisualStudioVersion = 10.0.40219.1
Project("{9A19103F-16F7-4668-BE54-9A1E7A4F7556}") = "WebApplication1", "WebApplication1\WebApplication1.csproj", "{56EF7357-F48A-4782-80FB-0103CA1E4C67}"
EndProject
Project("{9A19103F-16F7-4668-BE54-9A1E7A4F7556}") = "UnitTesting", "UnitTesting\UnitTesting.csproj", "{0E70C837-0965-40CB-B8B8-90575DBC707B}"
EndProject
Global
	GlobalSection(SolutionConfigurationPlatforms) = preSolution
		Debug|Any CPU = Debug|Any CPU
		Release|Any CPU = Release|Any CPU
	EndGlobalSection
	GlobalSection(ProjectConfigurationPlatforms) = postSolution
		{56EF7357-F48A-4782-80FB-0103CA1E4C67}.Debug|Any CPU.ActiveCfg = Debug|Any CPU
		{56EF7357-F48A-4782-80FB-0103CA1E4C67}.Debug|Any CPU.Build.0 = Debug|Any CPU
		{56EF7357-F48A-4782-80FB-0103CA1E4C67}.Release|Any CPU.ActiveCfg = Release|Any CPU
		{56EF7357-F48A-4782-80FB-0103CA1E4C67}.Release|Any CPU.Build.0 = Release|Any CPU
		{0E70C837-0965-40CB-B8B8-90575DBC707B}.Debug|Any CPU.ActiveCfg = Debug|Any CPU
		{0E70C837-0965-40CB-B8B8-90575DBC707B}.Debug|Any CPU.Build.0 = Debug|Any CPU
		{0E70C837-0965-40CB-B8B8-90575DBC707B}.Release|Any CPU.ActiveCfg = Release|Any CPU
		{0E70C837-0965-40CB-B8B8-90575DBC707B}.Release|Any CPU.Build.0 = Release|Any CPU
	EndGlobalSection
	GlobalSection(SolutionProperties) = preSolution
		HideSolutionNode = FALSE
	EndGlobalSection
	GlobalSection(ExtensibilityGlobals) = postSolution
		SolutionGuid = {049B86F3-AADD-4F2C-85BC-5FC4A6E77D2A}
	EndGlobalSection
EndGlobal
